// !$*UTF8*$!
{
	archiveVersion = 1;
	classes = {
	};
	objectVersion = 56;
	objects = {

/* Begin PBXBuildFile section */
		F3A1A8C62AE008080055BD2D /* AppDelegate.swift in Sources */ = {isa = PBXBuildFile; fileRef = F3A1A8C52AE008080055BD2D /* AppDelegate.swift */; };
		F3A1A8C82AE008080055BD2D /* SceneDelegate.swift in Sources */ = {isa = PBXBuildFile; fileRef = F3A1A8C72AE008080055BD2D /* SceneDelegate.swift */; };
		F3A1A8CA2AE008080055BD2D /* LoginViewController.swift in Sources */ = {isa = PBXBuildFile; fileRef = F3A1A8C92AE008080055BD2D /* LoginViewController.swift */; };
		F3A1A8CF2AE008090055BD2D /* Assets.xcassets in Resources */ = {isa = PBXBuildFile; fileRef = F3A1A8CE2AE008090055BD2D /* Assets.xcassets */; };
		F3A1A8D22AE008090055BD2D /* LaunchScreen.storyboard in Resources */ = {isa = PBXBuildFile; fileRef = F3A1A8D02AE008090055BD2D /* LaunchScreen.storyboard */; };
		F3A1A8DA2AE00E8F0055BD2D /* GoogleService-Info.plist in Resources */ = {isa = PBXBuildFile; fileRef = F3A1A8D92AE00E8F0055BD2D /* GoogleService-Info.plist */; };
		F3A1A8DD2AE0107C0055BD2D /* FirebaseAuth in Frameworks */ = {isa = PBXBuildFile; productRef = F3A1A8DC2AE0107C0055BD2D /* FirebaseAuth */; };
		F3A1A8DF2AE0107C0055BD2D /* FirebaseFirestore in Frameworks */ = {isa = PBXBuildFile; productRef = F3A1A8DE2AE0107C0055BD2D /* FirebaseFirestore */; };
		F3A1A8E12AE0107C0055BD2D /* FirebaseFirestoreSwift in Frameworks */ = {isa = PBXBuildFile; productRef = F3A1A8E02AE0107C0055BD2D /* FirebaseFirestoreSwift */; };
		F3A1A8E92AE013890055BD2D /* CheckerService.swift in Sources */ = {isa = PBXBuildFile; fileRef = F3A1A8E82AE013890055BD2D /* CheckerService.swift */; };
		F3A1A8ED2AE0144D0055BD2D /* UserServiceProtocol.swift in Sources */ = {isa = PBXBuildFile; fileRef = F3A1A8EC2AE0144D0055BD2D /* UserServiceProtocol.swift */; };
		F3A1A8EF2AE0146C0055BD2D /* User.swift in Sources */ = {isa = PBXBuildFile; fileRef = F3A1A8EE2AE0146C0055BD2D /* User.swift */; };
		F3A1A8F12AE0149A0055BD2D /* CurrentUserService.swift in Sources */ = {isa = PBXBuildFile; fileRef = F3A1A8F02AE0149A0055BD2D /* CurrentUserService.swift */; };
		F3A1A8F32AE015240055BD2D /* RegistrationAlert.swift in Sources */ = {isa = PBXBuildFile; fileRef = F3A1A8F22AE015240055BD2D /* RegistrationAlert.swift */; };
		F3A1A8F72AE0157B0055BD2D /* LoginViewControllerDelegateProtocol.swift in Sources */ = {isa = PBXBuildFile; fileRef = F3A1A8F62AE0157B0055BD2D /* LoginViewControllerDelegateProtocol.swift */; };
		F3A1A8F92AE015B60055BD2D /* LoginViewControllerDelegateError.swift in Sources */ = {isa = PBXBuildFile; fileRef = F3A1A8F82AE015B60055BD2D /* LoginViewControllerDelegateError.swift */; };
		F3A1A8FF2AE0166C0055BD2D /* ProfileViewController.swift in Sources */ = {isa = PBXBuildFile; fileRef = F3A1A8FE2AE0166C0055BD2D /* ProfileViewController.swift */; };
		F3A1A9022AE016DD0055BD2D /* ExtentionUIColor.swift in Sources */ = {isa = PBXBuildFile; fileRef = F3A1A9012AE016DD0055BD2D /* ExtentionUIColor.swift */; };
		F3A1A9042AE025900055BD2D /* RegistrationViewController.swift in Sources */ = {isa = PBXBuildFile; fileRef = F3A1A9032AE025900055BD2D /* RegistrationViewController.swift */; };
		F3E9B78E2AE1971D00FAA97A /* ProfileHeaderView.swift in Sources */ = {isa = PBXBuildFile; fileRef = F3E9B78D2AE1971D00FAA97A /* ProfileHeaderView.swift */; };
		F3E9B7912AE26E8D00FAA97A /* PhotosTableViewCell.swift in Sources */ = {isa = PBXBuildFile; fileRef = F3E9B7902AE26E8D00FAA97A /* PhotosTableViewCell.swift */; };
		F3E9B7932AE26F4400FAA97A /* PhotosGalleryDelegateProtocol.swift in Sources */ = {isa = PBXBuildFile; fileRef = F3E9B7922AE26F4400FAA97A /* PhotosGalleryDelegateProtocol.swift */; };
		F3E9B7952AE26FAE00FAA97A /* PostTableViewCell.swift in Sources */ = {isa = PBXBuildFile; fileRef = F3E9B7942AE26FAE00FAA97A /* PostTableViewCell.swift */; };
		F3E9B7972AE2783100FAA97A /* Post2.swift in Sources */ = {isa = PBXBuildFile; fileRef = F3E9B7962AE2783100FAA97A /* Post2.swift */; };
		F3E9B7992AE27D6000FAA97A /* Photos.swift in Sources */ = {isa = PBXBuildFile; fileRef = F3E9B7982AE27D6000FAA97A /* Photos.swift */; };
		F3E9B79B2AE2847F00FAA97A /* PhotosCollectionViewCell.swift in Sources */ = {isa = PBXBuildFile; fileRef = F3E9B79A2AE2847F00FAA97A /* PhotosCollectionViewCell.swift */; };
		F3E9B79D2AE2879000FAA97A /* ExtentionUIView.swift in Sources */ = {isa = PBXBuildFile; fileRef = F3E9B79C2AE2879000FAA97A /* ExtentionUIView.swift */; };
		F3E9B79F2AE288C800FAA97A /* PhotosViewController.swift in Sources */ = {isa = PBXBuildFile; fileRef = F3E9B79E2AE288C800FAA97A /* PhotosViewController.swift */; };
/* End PBXBuildFile section */

/* Begin PBXFileReference section */
		F3A1A8C22AE008080055BD2D /* DiplomProject.app */ = {isa = PBXFileReference; explicitFileType = wrapper.application; includeInIndex = 0; path = DiplomProject.app; sourceTree = BUILT_PRODUCTS_DIR; };
		F3A1A8C52AE008080055BD2D /* AppDelegate.swift */ = {isa = PBXFileReference; lastKnownFileType = sourcecode.swift; path = AppDelegate.swift; sourceTree = "<group>"; };
		F3A1A8C72AE008080055BD2D /* SceneDelegate.swift */ = {isa = PBXFileReference; lastKnownFileType = sourcecode.swift; path = SceneDelegate.swift; sourceTree = "<group>"; };
		F3A1A8C92AE008080055BD2D /* LoginViewController.swift */ = {isa = PBXFileReference; lastKnownFileType = sourcecode.swift; path = LoginViewController.swift; sourceTree = "<group>"; };
		F3A1A8CE2AE008090055BD2D /* Assets.xcassets */ = {isa = PBXFileReference; lastKnownFileType = folder.assetcatalog; path = Assets.xcassets; sourceTree = "<group>"; };
		F3A1A8D12AE008090055BD2D /* Base */ = {isa = PBXFileReference; lastKnownFileType = file.storyboard; name = Base; path = Base.lproj/LaunchScreen.storyboard; sourceTree = "<group>"; };
		F3A1A8D32AE008090055BD2D /* Info.plist */ = {isa = PBXFileReference; lastKnownFileType = text.plist.xml; path = Info.plist; sourceTree = "<group>"; };
		F3A1A8D92AE00E8F0055BD2D /* GoogleService-Info.plist */ = {isa = PBXFileReference; lastKnownFileType = text.plist.xml; name = "GoogleService-Info.plist"; path = "DiplomProject/LoginModule/Model/FirebaseAuth/GoogleService-Info.plist"; sourceTree = SOURCE_ROOT; };
		F3A1A8E82AE013890055BD2D /* CheckerService.swift */ = {isa = PBXFileReference; lastKnownFileType = sourcecode.swift; path = CheckerService.swift; sourceTree = "<group>"; };
		F3A1A8EC2AE0144D0055BD2D /* UserServiceProtocol.swift */ = {isa = PBXFileReference; lastKnownFileType = sourcecode.swift; path = UserServiceProtocol.swift; sourceTree = "<group>"; };
		F3A1A8EE2AE0146C0055BD2D /* User.swift */ = {isa = PBXFileReference; lastKnownFileType = sourcecode.swift; path = User.swift; sourceTree = "<group>"; };
		F3A1A8F02AE0149A0055BD2D /* CurrentUserService.swift */ = {isa = PBXFileReference; lastKnownFileType = sourcecode.swift; path = CurrentUserService.swift; sourceTree = "<group>"; };
		F3A1A8F22AE015240055BD2D /* RegistrationAlert.swift */ = {isa = PBXFileReference; lastKnownFileType = sourcecode.swift; path = RegistrationAlert.swift; sourceTree = "<group>"; };
		F3A1A8F62AE0157B0055BD2D /* LoginViewControllerDelegateProtocol.swift */ = {isa = PBXFileReference; lastKnownFileType = sourcecode.swift; path = LoginViewControllerDelegateProtocol.swift; sourceTree = "<group>"; };
		F3A1A8F82AE015B60055BD2D /* LoginViewControllerDelegateError.swift */ = {isa = PBXFileReference; lastKnownFileType = sourcecode.swift; path = LoginViewControllerDelegateError.swift; sourceTree = "<group>"; };
		F3A1A8FE2AE0166C0055BD2D /* ProfileViewController.swift */ = {isa = PBXFileReference; lastKnownFileType = sourcecode.swift; path = ProfileViewController.swift; sourceTree = "<group>"; };
		F3A1A9012AE016DD0055BD2D /* ExtentionUIColor.swift */ = {isa = PBXFileReference; lastKnownFileType = sourcecode.swift; path = ExtentionUIColor.swift; sourceTree = "<group>"; };
		F3A1A9032AE025900055BD2D /* RegistrationViewController.swift */ = {isa = PBXFileReference; lastKnownFileType = sourcecode.swift; path = RegistrationViewController.swift; sourceTree = "<group>"; };
		F3E9B78D2AE1971D00FAA97A /* ProfileHeaderView.swift */ = {isa = PBXFileReference; lastKnownFileType = sourcecode.swift; path = ProfileHeaderView.swift; sourceTree = "<group>"; };
		F3E9B7902AE26E8D00FAA97A /* PhotosTableViewCell.swift */ = {isa = PBXFileReference; lastKnownFileType = sourcecode.swift; path = PhotosTableViewCell.swift; sourceTree = "<group>"; };
		F3E9B7922AE26F4400FAA97A /* PhotosGalleryDelegateProtocol.swift */ = {isa = PBXFileReference; lastKnownFileType = sourcecode.swift; path = PhotosGalleryDelegateProtocol.swift; sourceTree = "<group>"; };
		F3E9B7942AE26FAE00FAA97A /* PostTableViewCell.swift */ = {isa = PBXFileReference; lastKnownFileType = sourcecode.swift; path = PostTableViewCell.swift; sourceTree = "<group>"; };
		F3E9B7962AE2783100FAA97A /* Post2.swift */ = {isa = PBXFileReference; lastKnownFileType = sourcecode.swift; path = Post2.swift; sourceTree = "<group>"; };
		F3E9B7982AE27D6000FAA97A /* Photos.swift */ = {isa = PBXFileReference; lastKnownFileType = sourcecode.swift; path = Photos.swift; sourceTree = "<group>"; };
		F3E9B79A2AE2847F00FAA97A /* PhotosCollectionViewCell.swift */ = {isa = PBXFileReference; lastKnownFileType = sourcecode.swift; path = PhotosCollectionViewCell.swift; sourceTree = "<group>"; };
		F3E9B79C2AE2879000FAA97A /* ExtentionUIView.swift */ = {isa = PBXFileReference; lastKnownFileType = sourcecode.swift; path = ExtentionUIView.swift; sourceTree = "<group>"; };
		F3E9B79E2AE288C800FAA97A /* PhotosViewController.swift */ = {isa = PBXFileReference; lastKnownFileType = sourcecode.swift; path = PhotosViewController.swift; sourceTree = "<group>"; };
/* End PBXFileReference section */

/* Begin PBXFrameworksBuildPhase section */
		F3A1A8BF2AE008080055BD2D /* Frameworks */ = {
			isa = PBXFrameworksBuildPhase;
			buildActionMask = 2147483647;
			files = (
				F3A1A8DD2AE0107C0055BD2D /* FirebaseAuth in Frameworks */,
				F3A1A8DF2AE0107C0055BD2D /* FirebaseFirestore in Frameworks */,
				F3A1A8E12AE0107C0055BD2D /* FirebaseFirestoreSwift in Frameworks */,
			);
			runOnlyForDeploymentPostprocessing = 0;
		};
/* End PBXFrameworksBuildPhase section */

/* Begin PBXGroup section */
		F3A1A8B92AE008080055BD2D = {
			isa = PBXGroup;
			children = (
				F3A1A8C42AE008080055BD2D /* DiplomProject */,
				F3A1A9002AE016A20055BD2D /* Extention */,
				F3A1A8C32AE008080055BD2D /* Products */,
			);
			sourceTree = "<group>";
		};
		F3A1A8C32AE008080055BD2D /* Products */ = {
			isa = PBXGroup;
			children = (
				F3A1A8C22AE008080055BD2D /* DiplomProject.app */,
			);
			name = Products;
			sourceTree = "<group>";
		};
		F3A1A8C42AE008080055BD2D /* DiplomProject */ = {
			isa = PBXGroup;
			children = (
				F3A1A8D32AE008090055BD2D /* Info.plist */,
				F3A1A8E32AE012D10055BD2D /* LoginModule */,
				F3A1A8FA2AE015EB0055BD2D /* ProfileModule */,
				F3A1A8E22AE0129E0055BD2D /* AppSettings */,
			);
			path = DiplomProject;
			sourceTree = "<group>";
		};
		F3A1A8E22AE0129E0055BD2D /* AppSettings */ = {
			isa = PBXGroup;
			children = (
				F3A1A8D02AE008090055BD2D /* LaunchScreen.storyboard */,
				F3A1A8CE2AE008090055BD2D /* Assets.xcassets */,
				F3A1A8C72AE008080055BD2D /* SceneDelegate.swift */,
				F3A1A8C52AE008080055BD2D /* AppDelegate.swift */,
			);
			path = AppSettings;
			sourceTree = "<group>";
		};
		F3A1A8E32AE012D10055BD2D /* LoginModule */ = {
			isa = PBXGroup;
			children = (
				F3A1A8E62AE013020055BD2D /* Model */,
				F3A1A8E52AE012FC0055BD2D /* View */,
				F3A1A8E42AE012FA0055BD2D /* ViewModel */,
			);
			path = LoginModule;
			sourceTree = "<group>";
		};
		F3A1A8E42AE012FA0055BD2D /* ViewModel */ = {
			isa = PBXGroup;
			children = (
				F3A1A8F22AE015240055BD2D /* RegistrationAlert.swift */,
				F3A1A8F62AE0157B0055BD2D /* LoginViewControllerDelegateProtocol.swift */,
				F3A1A8F82AE015B60055BD2D /* LoginViewControllerDelegateError.swift */,
			);
			path = ViewModel;
			sourceTree = "<group>";
		};
		F3A1A8E52AE012FC0055BD2D /* View */ = {
			isa = PBXGroup;
			children = (
				F3A1A8C92AE008080055BD2D /* LoginViewController.swift */,
				F3A1A9032AE025900055BD2D /* RegistrationViewController.swift */,
			);
			path = View;
			sourceTree = "<group>";
		};
		F3A1A8E62AE013020055BD2D /* Model */ = {
			isa = PBXGroup;
			children = (
				F3A1A8E72AE0133F0055BD2D /* FirebaseAuth */,
				F3A1A8EC2AE0144D0055BD2D /* UserServiceProtocol.swift */,
				F3A1A8EE2AE0146C0055BD2D /* User.swift */,
				F3A1A8F02AE0149A0055BD2D /* CurrentUserService.swift */,
			);
			path = Model;
			sourceTree = "<group>";
		};
		F3A1A8E72AE0133F0055BD2D /* FirebaseAuth */ = {
			isa = PBXGroup;
			children = (
				F3A1A8D92AE00E8F0055BD2D /* GoogleService-Info.plist */,
				F3A1A8E82AE013890055BD2D /* CheckerService.swift */,
			);
			path = FirebaseAuth;
			sourceTree = "<group>";
		};
		F3A1A8FA2AE015EB0055BD2D /* ProfileModule */ = {
			isa = PBXGroup;
			children = (
				F3A1A8FD2AE016180055BD2D /* Model */,
				F3A1A8FC2AE016150055BD2D /* View */,
				F3A1A8FB2AE016110055BD2D /* ViewModel */,
			);
			path = ProfileModule;
			sourceTree = "<group>";
		};
		F3A1A8FB2AE016110055BD2D /* ViewModel */ = {
			isa = PBXGroup;
			children = (
			);
			path = ViewModel;
			sourceTree = "<group>";
		};
		F3A1A8FC2AE016150055BD2D /* View */ = {
			isa = PBXGroup;
			children = (
				F3E9B78F2AE26E5900FAA97A /* TableViewStyle */,
				F3A1A8FE2AE0166C0055BD2D /* ProfileViewController.swift */,
				F3E9B78D2AE1971D00FAA97A /* ProfileHeaderView.swift */,
				F3E9B7982AE27D6000FAA97A /* Photos.swift */,
			);
			path = View;
			sourceTree = "<group>";
		};
		F3A1A8FD2AE016180055BD2D /* Model */ = {
			isa = PBXGroup;
			children = (
				F3E9B7962AE2783100FAA97A /* Post2.swift */,
			);
			path = Model;
			sourceTree = "<group>";
		};
		F3A1A9002AE016A20055BD2D /* Extention */ = {
			isa = PBXGroup;
			children = (
				F3A1A9012AE016DD0055BD2D /* ExtentionUIColor.swift */,
				F3E9B79C2AE2879000FAA97A /* ExtentionUIView.swift */,
			);
			path = Extention;
			sourceTree = "<group>";
		};
		F3E9B78F2AE26E5900FAA97A /* TableViewStyle */ = {
			isa = PBXGroup;
			children = (
				F3E9B7902AE26E8D00FAA97A /* PhotosTableViewCell.swift */,
				F3E9B7922AE26F4400FAA97A /* PhotosGalleryDelegateProtocol.swift */,
				F3E9B7942AE26FAE00FAA97A /* PostTableViewCell.swift */,
				F3E9B79A2AE2847F00FAA97A /* PhotosCollectionViewCell.swift */,
				F3E9B79E2AE288C800FAA97A /* PhotosViewController.swift */,
			);
			path = TableViewStyle;
			sourceTree = "<group>";
		};
/* End PBXGroup section */

/* Begin PBXNativeTarget section */
		F3A1A8C12AE008080055BD2D /* DiplomProject */ = {
			isa = PBXNativeTarget;
			buildConfigurationList = F3A1A8D62AE008090055BD2D /* Build configuration list for PBXNativeTarget "DiplomProject" */;
			buildPhases = (
				F3A1A8BE2AE008080055BD2D /* Sources */,
				F3A1A8BF2AE008080055BD2D /* Frameworks */,
				F3A1A8C02AE008080055BD2D /* Resources */,
			);
			buildRules = (
			);
			dependencies = (
			);
			name = DiplomProject;
			packageProductDependencies = (
				F3A1A8DC2AE0107C0055BD2D /* FirebaseAuth */,
				F3A1A8DE2AE0107C0055BD2D /* FirebaseFirestore */,
				F3A1A8E02AE0107C0055BD2D /* FirebaseFirestoreSwift */,
			);
			productName = DiplomProject;
			productReference = F3A1A8C22AE008080055BD2D /* DiplomProject.app */;
			productType = "com.apple.product-type.application";
		};
/* End PBXNativeTarget section */

/* Begin PBXProject section */
		F3A1A8BA2AE008080055BD2D /* Project object */ = {
			isa = PBXProject;
			attributes = {
				BuildIndependentTargetsInParallel = 1;
				LastSwiftUpdateCheck = 1430;
				LastUpgradeCheck = 1430;
				TargetAttributes = {
					F3A1A8C12AE008080055BD2D = {
						CreatedOnToolsVersion = 14.3.1;
					};
				};
			};
			buildConfigurationList = F3A1A8BD2AE008080055BD2D /* Build configuration list for PBXProject "DiplomProject" */;
			compatibilityVersion = "Xcode 14.0";
			developmentRegion = en;
			hasScannedForEncodings = 0;
			knownRegions = (
				en,
				Base,
			);
			mainGroup = F3A1A8B92AE008080055BD2D;
			packageReferences = (
				F3A1A8DB2AE0107C0055BD2D /* XCRemoteSwiftPackageReference "firebase-ios-sdk" */,
			);
			productRefGroup = F3A1A8C32AE008080055BD2D /* Products */;
			projectDirPath = "";
			projectRoot = "";
			targets = (
				F3A1A8C12AE008080055BD2D /* DiplomProject */,
			);
		};
/* End PBXProject section */

/* Begin PBXResourcesBuildPhase section */
		F3A1A8C02AE008080055BD2D /* Resources */ = {
			isa = PBXResourcesBuildPhase;
			buildActionMask = 2147483647;
			files = (
				F3A1A8D22AE008090055BD2D /* LaunchScreen.storyboard in Resources */,
				F3A1A8CF2AE008090055BD2D /* Assets.xcassets in Resources */,
				F3A1A8DA2AE00E8F0055BD2D /* GoogleService-Info.plist in Resources */,
			);
			runOnlyForDeploymentPostprocessing = 0;
		};
/* End PBXResourcesBuildPhase section */

/* Begin PBXSourcesBuildPhase section */
		F3A1A8BE2AE008080055BD2D /* Sources */ = {
			isa = PBXSourcesBuildPhase;
			buildActionMask = 2147483647;
			files = (
				F3E9B7972AE2783100FAA97A /* Post2.swift in Sources */,
				F3E9B79F2AE288C800FAA97A /* PhotosViewController.swift in Sources */,
				F3E9B79B2AE2847F00FAA97A /* PhotosCollectionViewCell.swift in Sources */,
				F3E9B79D2AE2879000FAA97A /* ExtentionUIView.swift in Sources */,
				F3E9B7912AE26E8D00FAA97A /* PhotosTableViewCell.swift in Sources */,
				F3A1A8ED2AE0144D0055BD2D /* UserServiceProtocol.swift in Sources */,
				F3E9B7952AE26FAE00FAA97A /* PostTableViewCell.swift in Sources */,
				F3A1A8F12AE0149A0055BD2D /* CurrentUserService.swift in Sources */,
				F3E9B7992AE27D6000FAA97A /* Photos.swift in Sources */,
				F3A1A8CA2AE008080055BD2D /* LoginViewController.swift in Sources */,
				F3A1A8EF2AE0146C0055BD2D /* User.swift in Sources */,
				F3A1A9042AE025900055BD2D /* RegistrationViewController.swift in Sources */,
				F3A1A8E92AE013890055BD2D /* CheckerService.swift in Sources */,
				F3A1A8F32AE015240055BD2D /* RegistrationAlert.swift in Sources */,
				F3E9B7932AE26F4400FAA97A /* PhotosGalleryDelegateProtocol.swift in Sources */,
				F3A1A8FF2AE0166C0055BD2D /* ProfileViewController.swift in Sources */,
				F3A1A8C62AE008080055BD2D /* AppDelegate.swift in Sources */,
				F3A1A9022AE016DD0055BD2D /* ExtentionUIColor.swift in Sources */,
				F3A1A8F72AE0157B0055BD2D /* LoginViewControllerDelegateProtocol.swift in Sources */,
				F3E9B78E2AE1971D00FAA97A /* ProfileHeaderView.swift in Sources */,
				F3A1A8C82AE008080055BD2D /* SceneDelegate.swift in Sources */,
				F3A1A8F92AE015B60055BD2D /* LoginViewControllerDelegateError.swift in Sources */,
			);
			runOnlyForDeploymentPostprocessing = 0;
		};
/* End PBXSourcesBuildPhase section */

/* Begin PBXVariantGroup section */
		F3A1A8D02AE008090055BD2D /* LaunchScreen.storyboard */ = {
			isa = PBXVariantGroup;
			children = (
				F3A1A8D12AE008090055BD2D /* Base */,
			);
			name = LaunchScreen.storyboard;
			sourceTree = "<group>";
		};
/* End PBXVariantGroup section */

/* Begin XCBuildConfiguration section */
		F3A1A8D42AE008090055BD2D /* Debug */ = {
			isa = XCBuildConfiguration;
			buildSettings = {
				ALWAYS_SEARCH_USER_PATHS = NO;
				CLANG_ANALYZER_NONNULL = YES;
				CLANG_ANALYZER_NUMBER_OBJECT_CONVERSION = YES_AGGRESSIVE;
				CLANG_CXX_LANGUAGE_STANDARD = "gnu++20";
				CLANG_ENABLE_MODULES = YES;
				CLANG_ENABLE_OBJC_ARC = YES;
				CLANG_ENABLE_OBJC_WEAK = YES;
				CLANG_WARN_BLOCK_CAPTURE_AUTORELEASING = YES;
				CLANG_WARN_BOOL_CONVERSION = YES;
				CLANG_WARN_COMMA = YES;
				CLANG_WARN_CONSTANT_CONVERSION = YES;
				CLANG_WARN_DEPRECATED_OBJC_IMPLEMENTATIONS = YES;
				CLANG_WARN_DIRECT_OBJC_ISA_USAGE = YES_ERROR;
				CLANG_WARN_DOCUMENTATION_COMMENTS = YES;
				CLANG_WARN_EMPTY_BODY = YES;
				CLANG_WARN_ENUM_CONVERSION = YES;
				CLANG_WARN_INFINITE_RECURSION = YES;
				CLANG_WARN_INT_CONVERSION = YES;
				CLANG_WARN_NON_LITERAL_NULL_CONVERSION = YES;
				CLANG_WARN_OBJC_IMPLICIT_RETAIN_SELF = YES;
				CLANG_WARN_OBJC_LITERAL_CONVERSION = YES;
				CLANG_WARN_OBJC_ROOT_CLASS = YES_ERROR;
				CLANG_WARN_QUOTED_INCLUDE_IN_FRAMEWORK_HEADER = YES;
				CLANG_WARN_RANGE_LOOP_ANALYSIS = YES;
				CLANG_WARN_STRICT_PROTOTYPES = YES;
				CLANG_WARN_SUSPICIOUS_MOVE = YES;
				CLANG_WARN_UNGUARDED_AVAILABILITY = YES_AGGRESSIVE;
				CLANG_WARN_UNREACHABLE_CODE = YES;
				CLANG_WARN__DUPLICATE_METHOD_MATCH = YES;
				COPY_PHASE_STRIP = NO;
				DEBUG_INFORMATION_FORMAT = dwarf;
				ENABLE_STRICT_OBJC_MSGSEND = YES;
				ENABLE_TESTABILITY = YES;
				GCC_C_LANGUAGE_STANDARD = gnu11;
				GCC_DYNAMIC_NO_PIC = NO;
				GCC_NO_COMMON_BLOCKS = YES;
				GCC_OPTIMIZATION_LEVEL = 0;
				GCC_PREPROCESSOR_DEFINITIONS = (
					"DEBUG=1",
					"$(inherited)",
				);
				GCC_WARN_64_TO_32_BIT_CONVERSION = YES;
				GCC_WARN_ABOUT_RETURN_TYPE = YES_ERROR;
				GCC_WARN_UNDECLARED_SELECTOR = YES;
				GCC_WARN_UNINITIALIZED_AUTOS = YES_AGGRESSIVE;
				GCC_WARN_UNUSED_FUNCTION = YES;
				GCC_WARN_UNUSED_VARIABLE = YES;
				IPHONEOS_DEPLOYMENT_TARGET = 16.4;
				MTL_ENABLE_DEBUG_INFO = INCLUDE_SOURCE;
				MTL_FAST_MATH = YES;
				ONLY_ACTIVE_ARCH = YES;
				SDKROOT = iphoneos;
				SWIFT_ACTIVE_COMPILATION_CONDITIONS = DEBUG;
				SWIFT_OPTIMIZATION_LEVEL = "-Onone";
			};
			name = Debug;
		};
		F3A1A8D52AE008090055BD2D /* Release */ = {
			isa = XCBuildConfiguration;
			buildSettings = {
				ALWAYS_SEARCH_USER_PATHS = NO;
				CLANG_ANALYZER_NONNULL = YES;
				CLANG_ANALYZER_NUMBER_OBJECT_CONVERSION = YES_AGGRESSIVE;
				CLANG_CXX_LANGUAGE_STANDARD = "gnu++20";
				CLANG_ENABLE_MODULES = YES;
				CLANG_ENABLE_OBJC_ARC = YES;
				CLANG_ENABLE_OBJC_WEAK = YES;
				CLANG_WARN_BLOCK_CAPTURE_AUTORELEASING = YES;
				CLANG_WARN_BOOL_CONVERSION = YES;
				CLANG_WARN_COMMA = YES;
				CLANG_WARN_CONSTANT_CONVERSION = YES;
				CLANG_WARN_DEPRECATED_OBJC_IMPLEMENTATIONS = YES;
				CLANG_WARN_DIRECT_OBJC_ISA_USAGE = YES_ERROR;
				CLANG_WARN_DOCUMENTATION_COMMENTS = YES;
				CLANG_WARN_EMPTY_BODY = YES;
				CLANG_WARN_ENUM_CONVERSION = YES;
				CLANG_WARN_INFINITE_RECURSION = YES;
				CLANG_WARN_INT_CONVERSION = YES;
				CLANG_WARN_NON_LITERAL_NULL_CONVERSION = YES;
				CLANG_WARN_OBJC_IMPLICIT_RETAIN_SELF = YES;
				CLANG_WARN_OBJC_LITERAL_CONVERSION = YES;
				CLANG_WARN_OBJC_ROOT_CLASS = YES_ERROR;
				CLANG_WARN_QUOTED_INCLUDE_IN_FRAMEWORK_HEADER = YES;
				CLANG_WARN_RANGE_LOOP_ANALYSIS = YES;
				CLANG_WARN_STRICT_PROTOTYPES = YES;
				CLANG_WARN_SUSPICIOUS_MOVE = YES;
				CLANG_WARN_UNGUARDED_AVAILABILITY = YES_AGGRESSIVE;
				CLANG_WARN_UNREACHABLE_CODE = YES;
				CLANG_WARN__DUPLICATE_METHOD_MATCH = YES;
				COPY_PHASE_STRIP = NO;
				DEBUG_INFORMATION_FORMAT = "dwarf-with-dsym";
				ENABLE_NS_ASSERTIONS = NO;
				ENABLE_STRICT_OBJC_MSGSEND = YES;
				GCC_C_LANGUAGE_STANDARD = gnu11;
				GCC_NO_COMMON_BLOCKS = YES;
				GCC_WARN_64_TO_32_BIT_CONVERSION = YES;
				GCC_WARN_ABOUT_RETURN_TYPE = YES_ERROR;
				GCC_WARN_UNDECLARED_SELECTOR = YES;
				GCC_WARN_UNINITIALIZED_AUTOS = YES_AGGRESSIVE;
				GCC_WARN_UNUSED_FUNCTION = YES;
				GCC_WARN_UNUSED_VARIABLE = YES;
				IPHONEOS_DEPLOYMENT_TARGET = 16.4;
				MTL_ENABLE_DEBUG_INFO = NO;
				MTL_FAST_MATH = YES;
				SDKROOT = iphoneos;
				SWIFT_COMPILATION_MODE = wholemodule;
				SWIFT_OPTIMIZATION_LEVEL = "-O";
				VALIDATE_PRODUCT = YES;
			};
			name = Release;
		};
		F3A1A8D72AE008090055BD2D /* Debug */ = {
			isa = XCBuildConfiguration;
			buildSettings = {
				ASSETCATALOG_COMPILER_APPICON_NAME = AppIcon;
				ASSETCATALOG_COMPILER_GLOBAL_ACCENT_COLOR_NAME = AccentColor;
				CODE_SIGN_STYLE = Automatic;
				CURRENT_PROJECT_VERSION = 1;
				DEVELOPMENT_TEAM = 332MXW7JWG;
				GENERATE_INFOPLIST_FILE = YES;
				INFOPLIST_FILE = DiplomProject/Info.plist;
				INFOPLIST_KEY_UIApplicationSupportsIndirectInputEvents = YES;
				INFOPLIST_KEY_UILaunchStoryboardName = LaunchScreen;
				INFOPLIST_KEY_UISupportedInterfaceOrientations_iPad = "UIInterfaceOrientationPortrait UIInterfaceOrientationPortraitUpsideDown UIInterfaceOrientationLandscapeLeft UIInterfaceOrientationLandscapeRight";
				INFOPLIST_KEY_UISupportedInterfaceOrientations_iPhone = "UIInterfaceOrientationPortrait UIInterfaceOrientationLandscapeLeft UIInterfaceOrientationLandscapeRight";
				LD_RUNPATH_SEARCH_PATHS = (
					"$(inherited)",
					"@executable_path/Frameworks",
				);
				MARKETING_VERSION = 1.0;
				PRODUCT_BUNDLE_IDENTIFIER = com.indiana.jonez.DiplomProject;
				PRODUCT_NAME = "$(TARGET_NAME)";
				SWIFT_EMIT_LOC_STRINGS = YES;
				SWIFT_VERSION = 5.0;
				TARGETED_DEVICE_FAMILY = "1,2";
			};
			name = Debug;
		};
		F3A1A8D82AE008090055BD2D /* Release */ = {
			isa = XCBuildConfiguration;
			buildSettings = {
				ASSETCATALOG_COMPILER_APPICON_NAME = AppIcon;
				ASSETCATALOG_COMPILER_GLOBAL_ACCENT_COLOR_NAME = AccentColor;
				CODE_SIGN_STYLE = Automatic;
				CURRENT_PROJECT_VERSION = 1;
				DEVELOPMENT_TEAM = 332MXW7JWG;
				GENERATE_INFOPLIST_FILE = YES;
				INFOPLIST_FILE = DiplomProject/Info.plist;
				INFOPLIST_KEY_UIApplicationSupportsIndirectInputEvents = YES;
				INFOPLIST_KEY_UILaunchStoryboardName = LaunchScreen;
				INFOPLIST_KEY_UISupportedInterfaceOrientations_iPad = "UIInterfaceOrientationPortrait UIInterfaceOrientationPortraitUpsideDown UIInterfaceOrientationLandscapeLeft UIInterfaceOrientationLandscapeRight";
				INFOPLIST_KEY_UISupportedInterfaceOrientations_iPhone = "UIInterfaceOrientationPortrait UIInterfaceOrientationLandscapeLeft UIInterfaceOrientationLandscapeRight";
				LD_RUNPATH_SEARCH_PATHS = (
					"$(inherited)",
					"@executable_path/Frameworks",
				);
				MARKETING_VERSION = 1.0;
				PRODUCT_BUNDLE_IDENTIFIER = com.indiana.jonez.DiplomProject;
				PRODUCT_NAME = "$(TARGET_NAME)";
				SWIFT_EMIT_LOC_STRINGS = YES;
				SWIFT_VERSION = 5.0;
				TARGETED_DEVICE_FAMILY = "1,2";
			};
			name = Release;
		};
/* End XCBuildConfiguration section */

/* Begin XCConfigurationList section */
		F3A1A8BD2AE008080055BD2D /* Build configuration list for PBXProject "DiplomProject" */ = {
			isa = XCConfigurationList;
			buildConfigurations = (
				F3A1A8D42AE008090055BD2D /* Debug */,
				F3A1A8D52AE008090055BD2D /* Release */,
			);
			defaultConfigurationIsVisible = 0;
			defaultConfigurationName = Release;
		};
		F3A1A8D62AE008090055BD2D /* Build configuration list for PBXNativeTarget "DiplomProject" */ = {
			isa = XCConfigurationList;
			buildConfigurations = (
				F3A1A8D72AE008090055BD2D /* Debug */,
				F3A1A8D82AE008090055BD2D /* Release */,
			);
			defaultConfigurationIsVisible = 0;
			defaultConfigurationName = Release;
		};
/* End XCConfigurationList section */

/* Begin XCRemoteSwiftPackageReference section */
		F3A1A8DB2AE0107C0055BD2D /* XCRemoteSwiftPackageReference "firebase-ios-sdk" */ = {
			isa = XCRemoteSwiftPackageReference;
			repositoryURL = "https://github.com/firebase/firebase-ios-sdk";
			requirement = {
				kind = upToNextMajorVersion;
				minimumVersion = 10.0.0;
			};
		};
/* End XCRemoteSwiftPackageReference section */

/* Begin XCSwiftPackageProductDependency section */
		F3A1A8DC2AE0107C0055BD2D /* FirebaseAuth */ = {
			isa = XCSwiftPackageProductDependency;
			package = F3A1A8DB2AE0107C0055BD2D /* XCRemoteSwiftPackageReference "firebase-ios-sdk" */;
			productName = FirebaseAuth;
		};
		F3A1A8DE2AE0107C0055BD2D /* FirebaseFirestore */ = {
			isa = XCSwiftPackageProductDependency;
			package = F3A1A8DB2AE0107C0055BD2D /* XCRemoteSwiftPackageReference "firebase-ios-sdk" */;
			productName = FirebaseFirestore;
		};
		F3A1A8E02AE0107C0055BD2D /* FirebaseFirestoreSwift */ = {
			isa = XCSwiftPackageProductDependency;
			package = F3A1A8DB2AE0107C0055BD2D /* XCRemoteSwiftPackageReference "firebase-ios-sdk" */;
			productName = FirebaseFirestoreSwift;
		};
/* End XCSwiftPackageProductDependency section */
	};
	rootObject = F3A1A8BA2AE008080055BD2D /* Project object */;
}
